
Microsoft Visual Studio Solution File, Format Version 12.00
# Visual Studio 15
VisualStudioVersion = 15.0.28307.271
MinimumVisualStudioVersion = 10.0.40219.1
Project("{FAE04EC0-301F-11D3-BF4B-00C04F79EFBC}") = "OutofClassAssignment3", "OutofClassAssignment3\OutofClassAssignment3.csproj", "{B58871C0-656D-4EE1-A35B-CC80E4D69FF4}"
EndProject
Global
	GlobalSection(SolutionConfigurationPlatforms) = preSolution
		Debug|Any CPU = Debug|Any CPU
		Release|Any CPU = Release|Any CPU
	EndGlobalSection
	GlobalSection(ProjectConfigurationPlatforms) = postSolution
		{B58871C0-656D-4EE1-A35B-CC80E4D69FF4}.Debug|Any CPU.ActiveCfg = Debug|Any CPU
		{B58871C0-656D-4EE1-A35B-CC80E4D69FF4}.Debug|Any CPU.Build.0 = Debug|Any CPU
		{B58871C0-656D-4EE1-A35B-CC80E4D69FF4}.Release|Any CPU.ActiveCfg = Release|Any CPU
		{B58871C0-656D-4EE1-A35B-CC80E4D69FF4}.Release|Any CPU.Build.0 = Release|Any CPU
	EndGlobalSection
	GlobalSection(SolutionProperties) = preSolution
		HideSolutionNode = FALSE
	EndGlobalSection
	GlobalSection(ExtensibilityGlobals) = postSolution
		SolutionGuid = {D3DC770B-8BBF-4624-8FE0-8A5C256FAEC1}
	EndGlobalSection
EndGlobal
